// !$*UTF8*$!
{
	archiveVersion = 1;
	classes = {
	};
	objectVersion = 50;
	objects = {

/* Begin PBXBuildFile section */
		54AA3CFA24F64D0800FE1F94 /* UIStoryboard+Typed.swift in Sources */ = {isa = PBXBuildFile; fileRef = 54AA3CF824F64D0700FE1F94 /* UIStoryboard+Typed.swift */; };
		54AA3CFB24F64D0800FE1F94 /* UIView+Embed.swift in Sources */ = {isa = PBXBuildFile; fileRef = 54AA3CF924F64D0800FE1F94 /* UIView+Embed.swift */; };
		54AA3CFD24F652F300FE1F94 /* LoginSetup.storyboard in Resources */ = {isa = PBXBuildFile; fileRef = 54AA3CFC24F652F300FE1F94 /* LoginSetup.storyboard */; };
		54AA3CFF24F654D700FE1F94 /* LoginSetupViewController.swift in Sources */ = {isa = PBXBuildFile; fileRef = 54AA3CFE24F654D700FE1F94 /* LoginSetupViewController.swift */; };
		54AA3D0724F66D1E00FE1F94 /* Loading.storyboard in Resources */ = {isa = PBXBuildFile; fileRef = 54AA3D0624F66D1E00FE1F94 /* Loading.storyboard */; };
		54AA3D0924F66D2E00FE1F94 /* LoadingViewController.swift in Sources */ = {isa = PBXBuildFile; fileRef = 54AA3D0824F66D2E00FE1F94 /* LoadingViewController.swift */; };
		54AA3D0C24F69AA600FE1F94 /* Login.storyboard in Resources */ = {isa = PBXBuildFile; fileRef = 54AA3D0B24F69AA600FE1F94 /* Login.storyboard */; };
		54AA3D0E24F69AC500FE1F94 /* LoginViewController.swift in Sources */ = {isa = PBXBuildFile; fileRef = 54AA3D0D24F69AC500FE1F94 /* LoginViewController.swift */; };
		54AA3D1024F69D0400FE1F94 /* LoginRouter.swift in Sources */ = {isa = PBXBuildFile; fileRef = 54AA3D0F24F69D0400FE1F94 /* LoginRouter.swift */; };
		54AA3D1524F6A20C00FE1F94 /* RegistrationStep1.storyboard in Resources */ = {isa = PBXBuildFile; fileRef = 54AA3D1424F6A20C00FE1F94 /* RegistrationStep1.storyboard */; };
		54AA3D1724F6A23500FE1F94 /* RegistrationStep1ViewController.swift in Sources */ = {isa = PBXBuildFile; fileRef = 54AA3D1624F6A23500FE1F94 /* RegistrationStep1ViewController.swift */; };
		54AA3D1924F6A25300FE1F94 /* RegistrationStep1Router.swift in Sources */ = {isa = PBXBuildFile; fileRef = 54AA3D1824F6A25300FE1F94 /* RegistrationStep1Router.swift */; };
		54AA3D1C24F6A72400FE1F94 /* RegistrationStep2.storyboard in Resources */ = {isa = PBXBuildFile; fileRef = 54AA3D1B24F6A72400FE1F94 /* RegistrationStep2.storyboard */; };
		54AA3D1E24F6A73800FE1F94 /* RegistrationStep2ViewController.swift in Sources */ = {isa = PBXBuildFile; fileRef = 54AA3D1D24F6A73800FE1F94 /* RegistrationStep2ViewController.swift */; };
		54AA3D2024F6A74C00FE1F94 /* RegistrationStep2Router.swift in Sources */ = {isa = PBXBuildFile; fileRef = 54AA3D1F24F6A74C00FE1F94 /* RegistrationStep2Router.swift */; };
		54AA3D2324F6AAEF00FE1F94 /* RegistrationStep3.storyboard in Resources */ = {isa = PBXBuildFile; fileRef = 54AA3D2224F6AAEF00FE1F94 /* RegistrationStep3.storyboard */; };
		54AA3D2524F6AB1400FE1F94 /* RegistrationStep3ViewController.swift in Sources */ = {isa = PBXBuildFile; fileRef = 54AA3D2424F6AB1400FE1F94 /* RegistrationStep3ViewController.swift */; };
		54AA3D2724F6AB2300FE1F94 /* RegistrationStep3Router.swift in Sources */ = {isa = PBXBuildFile; fileRef = 54AA3D2624F6AB2300FE1F94 /* RegistrationStep3Router.swift */; };
		54AA3D2A24F6B27800FE1F94 /* Backup.storyboard in Resources */ = {isa = PBXBuildFile; fileRef = 54AA3D2924F6B27800FE1F94 /* Backup.storyboard */; };
		54AA3D2C24F6B28300FE1F94 /* BackupViewController.swift in Sources */ = {isa = PBXBuildFile; fileRef = 54AA3D2B24F6B28300FE1F94 /* BackupViewController.swift */; };
		54AA3D2E24F6B29100FE1F94 /* BackupRouter.swift in Sources */ = {isa = PBXBuildFile; fileRef = 54AA3D2D24F6B29100FE1F94 /* BackupRouter.swift */; };
		54AA3D3124F6B6D100FE1F94 /* RemoveDevice.storyboard in Resources */ = {isa = PBXBuildFile; fileRef = 54AA3D3024F6B6D100FE1F94 /* RemoveDevice.storyboard */; };
		54AA3D3324F6B6DD00FE1F94 /* RemoveDeviceViewController.swift in Sources */ = {isa = PBXBuildFile; fileRef = 54AA3D3224F6B6DD00FE1F94 /* RemoveDeviceViewController.swift */; };
		54AA3D3524F6B6ED00FE1F94 /* RemoveDeviceRouter.swift in Sources */ = {isa = PBXBuildFile; fileRef = 54AA3D3424F6B6ED00FE1F94 /* RemoveDeviceRouter.swift */; };
		54AA3D3824F79FBE00FE1F94 /* NotificationDispatcher.swift in Sources */ = {isa = PBXBuildFile; fileRef = 54AA3D3724F79FBE00FE1F94 /* NotificationDispatcher.swift */; };
		76A4E8A524F506E300DE5193 /* AppDelegate.swift in Sources */ = {isa = PBXBuildFile; fileRef = 76A4E8A424F506E300DE5193 /* AppDelegate.swift */; };
		76A4E8A724F506E300DE5193 /* SceneDelegate.swift in Sources */ = {isa = PBXBuildFile; fileRef = 76A4E8A624F506E300DE5193 /* SceneDelegate.swift */; };
		76A4E8A924F506E300DE5193 /* ViewController.swift in Sources */ = {isa = PBXBuildFile; fileRef = 76A4E8A824F506E300DE5193 /* ViewController.swift */; };
		76A4E8AE24F506E500DE5193 /* Assets.xcassets in Resources */ = {isa = PBXBuildFile; fileRef = 76A4E8AD24F506E500DE5193 /* Assets.xcassets */; };
		76A4E8B124F506E500DE5193 /* LaunchScreen.storyboard in Resources */ = {isa = PBXBuildFile; fileRef = 76A4E8AF24F506E500DE5193 /* LaunchScreen.storyboard */; };
		76A4E8BA24F5070D00DE5193 /* NavigationStack.swift in Sources */ = {isa = PBXBuildFile; fileRef = 76A4E8B924F5070D00DE5193 /* NavigationStack.swift */; };
		76A4E8BC24F50BB200DE5193 /* Navigator.swift in Sources */ = {isa = PBXBuildFile; fileRef = 76A4E8BB24F50BB200DE5193 /* Navigator.swift */; };
		76A4E8BE24F50BCE00DE5193 /* PushNavigator.swift in Sources */ = {isa = PBXBuildFile; fileRef = 76A4E8BD24F50BCE00DE5193 /* PushNavigator.swift */; };
		76A4E8C124F516EF00DE5193 /* AppStartCoordinator.swift in Sources */ = {isa = PBXBuildFile; fileRef = 76A4E8C024F516EF00DE5193 /* AppStartCoordinator.swift */; };
		76A4E8C324F5177C00DE5193 /* Coordinator.swift in Sources */ = {isa = PBXBuildFile; fileRef = 76A4E8C224F5177C00DE5193 /* Coordinator.swift */; };
		76A4E8C724F5461F00DE5193 /* NoBackTitleNavigationController.swift in Sources */ = {isa = PBXBuildFile; fileRef = 76A4E8C624F5461F00DE5193 /* NoBackTitleNavigationController.swift */; };
/* End PBXBuildFile section */

/* Begin PBXFileReference section */
		54AA3CF824F64D0700FE1F94 /* UIStoryboard+Typed.swift */ = {isa = PBXFileReference; fileEncoding = 4; lastKnownFileType = sourcecode.swift; path = "UIStoryboard+Typed.swift"; sourceTree = "<group>"; };
		54AA3CF924F64D0800FE1F94 /* UIView+Embed.swift */ = {isa = PBXFileReference; fileEncoding = 4; lastKnownFileType = sourcecode.swift; path = "UIView+Embed.swift"; sourceTree = "<group>"; };
		54AA3CFC24F652F300FE1F94 /* LoginSetup.storyboard */ = {isa = PBXFileReference; lastKnownFileType = file.storyboard; path = LoginSetup.storyboard; sourceTree = "<group>"; };
		54AA3CFE24F654D700FE1F94 /* LoginSetupViewController.swift */ = {isa = PBXFileReference; lastKnownFileType = sourcecode.swift; path = LoginSetupViewController.swift; sourceTree = "<group>"; };
		54AA3D0624F66D1E00FE1F94 /* Loading.storyboard */ = {isa = PBXFileReference; lastKnownFileType = file.storyboard; path = Loading.storyboard; sourceTree = "<group>"; };
		54AA3D0824F66D2E00FE1F94 /* LoadingViewController.swift */ = {isa = PBXFileReference; lastKnownFileType = sourcecode.swift; path = LoadingViewController.swift; sourceTree = "<group>"; };
		54AA3D0B24F69AA600FE1F94 /* Login.storyboard */ = {isa = PBXFileReference; lastKnownFileType = file.storyboard; path = Login.storyboard; sourceTree = "<group>"; };
		54AA3D0D24F69AC500FE1F94 /* LoginViewController.swift */ = {isa = PBXFileReference; lastKnownFileType = sourcecode.swift; path = LoginViewController.swift; sourceTree = "<group>"; };
		54AA3D0F24F69D0400FE1F94 /* LoginRouter.swift */ = {isa = PBXFileReference; lastKnownFileType = sourcecode.swift; path = LoginRouter.swift; sourceTree = "<group>"; };
		54AA3D1424F6A20C00FE1F94 /* RegistrationStep1.storyboard */ = {isa = PBXFileReference; lastKnownFileType = file.storyboard; path = RegistrationStep1.storyboard; sourceTree = "<group>"; };
		54AA3D1624F6A23500FE1F94 /* RegistrationStep1ViewController.swift */ = {isa = PBXFileReference; lastKnownFileType = sourcecode.swift; path = RegistrationStep1ViewController.swift; sourceTree = "<group>"; };
		54AA3D1824F6A25300FE1F94 /* RegistrationStep1Router.swift */ = {isa = PBXFileReference; lastKnownFileType = sourcecode.swift; path = RegistrationStep1Router.swift; sourceTree = "<group>"; };
		54AA3D1B24F6A72400FE1F94 /* RegistrationStep2.storyboard */ = {isa = PBXFileReference; lastKnownFileType = file.storyboard; path = RegistrationStep2.storyboard; sourceTree = "<group>"; };
		54AA3D1D24F6A73800FE1F94 /* RegistrationStep2ViewController.swift */ = {isa = PBXFileReference; lastKnownFileType = sourcecode.swift; path = RegistrationStep2ViewController.swift; sourceTree = "<group>"; };
		54AA3D1F24F6A74C00FE1F94 /* RegistrationStep2Router.swift */ = {isa = PBXFileReference; lastKnownFileType = sourcecode.swift; path = RegistrationStep2Router.swift; sourceTree = "<group>"; };
		54AA3D2224F6AAEF00FE1F94 /* RegistrationStep3.storyboard */ = {isa = PBXFileReference; lastKnownFileType = file.storyboard; path = RegistrationStep3.storyboard; sourceTree = "<group>"; };
		54AA3D2424F6AB1400FE1F94 /* RegistrationStep3ViewController.swift */ = {isa = PBXFileReference; lastKnownFileType = sourcecode.swift; path = RegistrationStep3ViewController.swift; sourceTree = "<group>"; };
		54AA3D2624F6AB2300FE1F94 /* RegistrationStep3Router.swift */ = {isa = PBXFileReference; lastKnownFileType = sourcecode.swift; path = RegistrationStep3Router.swift; sourceTree = "<group>"; };
		54AA3D2924F6B27800FE1F94 /* Backup.storyboard */ = {isa = PBXFileReference; lastKnownFileType = file.storyboard; path = Backup.storyboard; sourceTree = "<group>"; };
		54AA3D2B24F6B28300FE1F94 /* BackupViewController.swift */ = {isa = PBXFileReference; lastKnownFileType = sourcecode.swift; path = BackupViewController.swift; sourceTree = "<group>"; };
		54AA3D2D24F6B29100FE1F94 /* BackupRouter.swift */ = {isa = PBXFileReference; lastKnownFileType = sourcecode.swift; path = BackupRouter.swift; sourceTree = "<group>"; };
		54AA3D3024F6B6D100FE1F94 /* RemoveDevice.storyboard */ = {isa = PBXFileReference; lastKnownFileType = file.storyboard; path = RemoveDevice.storyboard; sourceTree = "<group>"; };
		54AA3D3224F6B6DD00FE1F94 /* RemoveDeviceViewController.swift */ = {isa = PBXFileReference; lastKnownFileType = sourcecode.swift; path = RemoveDeviceViewController.swift; sourceTree = "<group>"; };
		54AA3D3424F6B6ED00FE1F94 /* RemoveDeviceRouter.swift */ = {isa = PBXFileReference; lastKnownFileType = sourcecode.swift; path = RemoveDeviceRouter.swift; sourceTree = "<group>"; };
		54AA3D3724F79FBE00FE1F94 /* NotificationDispatcher.swift */ = {isa = PBXFileReference; lastKnownFileType = sourcecode.swift; path = NotificationDispatcher.swift; sourceTree = "<group>"; };
		76A4E8A124F506E300DE5193 /* AppRootRoutingCodeExample.app */ = {isa = PBXFileReference; explicitFileType = wrapper.application; includeInIndex = 0; path = AppRootRoutingCodeExample.app; sourceTree = BUILT_PRODUCTS_DIR; };
		76A4E8A424F506E300DE5193 /* AppDelegate.swift */ = {isa = PBXFileReference; lastKnownFileType = sourcecode.swift; path = AppDelegate.swift; sourceTree = "<group>"; };
		76A4E8A624F506E300DE5193 /* SceneDelegate.swift */ = {isa = PBXFileReference; lastKnownFileType = sourcecode.swift; path = SceneDelegate.swift; sourceTree = "<group>"; };
		76A4E8A824F506E300DE5193 /* ViewController.swift */ = {isa = PBXFileReference; lastKnownFileType = sourcecode.swift; path = ViewController.swift; sourceTree = "<group>"; };
		76A4E8AD24F506E500DE5193 /* Assets.xcassets */ = {isa = PBXFileReference; lastKnownFileType = folder.assetcatalog; path = Assets.xcassets; sourceTree = "<group>"; };
		76A4E8B024F506E500DE5193 /* Base */ = {isa = PBXFileReference; lastKnownFileType = file.storyboard; name = Base; path = Base.lproj/LaunchScreen.storyboard; sourceTree = "<group>"; };
		76A4E8B224F506E500DE5193 /* Info.plist */ = {isa = PBXFileReference; lastKnownFileType = text.plist.xml; path = Info.plist; sourceTree = "<group>"; };
		76A4E8B924F5070D00DE5193 /* NavigationStack.swift */ = {isa = PBXFileReference; fileEncoding = 4; lastKnownFileType = sourcecode.swift; path = NavigationStack.swift; sourceTree = "<group>"; };
		76A4E8BB24F50BB200DE5193 /* Navigator.swift */ = {isa = PBXFileReference; fileEncoding = 4; lastKnownFileType = sourcecode.swift; path = Navigator.swift; sourceTree = "<group>"; };
		76A4E8BD24F50BCE00DE5193 /* PushNavigator.swift */ = {isa = PBXFileReference; fileEncoding = 4; lastKnownFileType = sourcecode.swift; path = PushNavigator.swift; sourceTree = "<group>"; };
		76A4E8C024F516EF00DE5193 /* AppStartCoordinator.swift */ = {isa = PBXFileReference; lastKnownFileType = sourcecode.swift; path = AppStartCoordinator.swift; sourceTree = "<group>"; };
		76A4E8C224F5177C00DE5193 /* Coordinator.swift */ = {isa = PBXFileReference; fileEncoding = 4; lastKnownFileType = sourcecode.swift; path = Coordinator.swift; sourceTree = "<group>"; };
		76A4E8C624F5461F00DE5193 /* NoBackTitleNavigationController.swift */ = {isa = PBXFileReference; fileEncoding = 4; lastKnownFileType = sourcecode.swift; path = NoBackTitleNavigationController.swift; sourceTree = "<group>"; };
/* End PBXFileReference section */

/* Begin PBXFrameworksBuildPhase section */
		76A4E89E24F506E300DE5193 /* Frameworks */ = {
			isa = PBXFrameworksBuildPhase;
			buildActionMask = 2147483647;
			files = (
			);
			runOnlyForDeploymentPostprocessing = 0;
		};
/* End PBXFrameworksBuildPhase section */

/* Begin PBXGroup section */
		54AA3CF624F64C8800FE1F94 /* UI */ = {
			isa = PBXGroup;
			children = (
				54AA3D1224F6A1D900FE1F94 /* RegistrationFlow */,
				54AA3D1124F6A1C600FE1F94 /* LoginFlow */,
				54AA3D0124F66CB600FE1F94 /* Loading */,
				54AA3D0024F66CA400FE1F94 /* LoginSetup */,
			);
			path = UI;
			sourceTree = "<group>";
		};
		54AA3CF724F64CF900FE1F94 /* Extentions */ = {
			isa = PBXGroup;
			children = (
				54AA3CF824F64D0700FE1F94 /* UIStoryboard+Typed.swift */,
				54AA3CF924F64D0800FE1F94 /* UIView+Embed.swift */,
			);
			path = Extentions;
			sourceTree = "<group>";
		};
		54AA3D0024F66CA400FE1F94 /* LoginSetup */ = {
			isa = PBXGroup;
			children = (
				54AA3CFC24F652F300FE1F94 /* LoginSetup.storyboard */,
				54AA3CFE24F654D700FE1F94 /* LoginSetupViewController.swift */,
			);
			path = LoginSetup;
			sourceTree = "<group>";
		};
		54AA3D0124F66CB600FE1F94 /* Loading */ = {
			isa = PBXGroup;
			children = (
				54AA3D0624F66D1E00FE1F94 /* Loading.storyboard */,
				54AA3D0824F66D2E00FE1F94 /* LoadingViewController.swift */,
			);
			path = Loading;
			sourceTree = "<group>";
		};
		54AA3D0A24F69A9200FE1F94 /* Login */ = {
			isa = PBXGroup;
			children = (
				54AA3D0B24F69AA600FE1F94 /* Login.storyboard */,
				54AA3D0D24F69AC500FE1F94 /* LoginViewController.swift */,
				54AA3D0F24F69D0400FE1F94 /* LoginRouter.swift */,
			);
			path = Login;
			sourceTree = "<group>";
		};
		54AA3D1124F6A1C600FE1F94 /* LoginFlow */ = {
			isa = PBXGroup;
			children = (
				54AA3D2F24F6B6BC00FE1F94 /* RemoveDevice */,
				54AA3D2824F6B24B00FE1F94 /* Backup */,
				54AA3D0A24F69A9200FE1F94 /* Login */,
			);
			path = LoginFlow;
			sourceTree = "<group>";
		};
		54AA3D1224F6A1D900FE1F94 /* RegistrationFlow */ = {
			isa = PBXGroup;
			children = (
				54AA3D1324F6A1EE00FE1F94 /* RegistrationStep1 */,
				54AA3D1A24F6A70100FE1F94 /* RegistrationStep2 */,
				54AA3D2124F6AA8F00FE1F94 /* RegistrationStep3 */,
			);
			path = RegistrationFlow;
			sourceTree = "<group>";
		};
		54AA3D1324F6A1EE00FE1F94 /* RegistrationStep1 */ = {
			isa = PBXGroup;
			children = (
				54AA3D1424F6A20C00FE1F94 /* RegistrationStep1.storyboard */,
				54AA3D1624F6A23500FE1F94 /* RegistrationStep1ViewController.swift */,
				54AA3D1824F6A25300FE1F94 /* RegistrationStep1Router.swift */,
			);
			path = RegistrationStep1;
			sourceTree = "<group>";
		};
		54AA3D1A24F6A70100FE1F94 /* RegistrationStep2 */ = {
			isa = PBXGroup;
			children = (
				54AA3D1B24F6A72400FE1F94 /* RegistrationStep2.storyboard */,
				54AA3D1D24F6A73800FE1F94 /* RegistrationStep2ViewController.swift */,
				54AA3D1F24F6A74C00FE1F94 /* RegistrationStep2Router.swift */,
			);
			path = RegistrationStep2;
			sourceTree = "<group>";
		};
		54AA3D2124F6AA8F00FE1F94 /* RegistrationStep3 */ = {
			isa = PBXGroup;
			children = (
				54AA3D2224F6AAEF00FE1F94 /* RegistrationStep3.storyboard */,
				54AA3D2424F6AB1400FE1F94 /* RegistrationStep3ViewController.swift */,
				54AA3D2624F6AB2300FE1F94 /* RegistrationStep3Router.swift */,
			);
			path = RegistrationStep3;
			sourceTree = "<group>";
		};
		54AA3D2824F6B24B00FE1F94 /* Backup */ = {
			isa = PBXGroup;
			children = (
				54AA3D2924F6B27800FE1F94 /* Backup.storyboard */,
				54AA3D2B24F6B28300FE1F94 /* BackupViewController.swift */,
				54AA3D2D24F6B29100FE1F94 /* BackupRouter.swift */,
			);
			path = Backup;
			sourceTree = "<group>";
		};
		54AA3D2F24F6B6BC00FE1F94 /* RemoveDevice */ = {
			isa = PBXGroup;
			children = (
				54AA3D3024F6B6D100FE1F94 /* RemoveDevice.storyboard */,
				54AA3D3224F6B6DD00FE1F94 /* RemoveDeviceViewController.swift */,
				54AA3D3424F6B6ED00FE1F94 /* RemoveDeviceRouter.swift */,
			);
			path = RemoveDevice;
			sourceTree = "<group>";
		};
		54AA3D3624F79F9400FE1F94 /* Notification */ = {
			isa = PBXGroup;
			children = (
				54AA3D3724F79FBE00FE1F94 /* NotificationDispatcher.swift */,
			);
			path = Notification;
			sourceTree = "<group>";
		};
		76A4E89824F506E300DE5193 = {
			isa = PBXGroup;
			children = (
				76A4E8A324F506E300DE5193 /* AppRootRoutingCodeExample */,
				76A4E8A224F506E300DE5193 /* Products */,
			);
			sourceTree = "<group>";
		};
		76A4E8A224F506E300DE5193 /* Products */ = {
			isa = PBXGroup;
			children = (
				76A4E8A124F506E300DE5193 /* AppRootRoutingCodeExample.app */,
			);
			name = Products;
			sourceTree = "<group>";
		};
		76A4E8A324F506E300DE5193 /* AppRootRoutingCodeExample */ = {
			isa = PBXGroup;
			children = (
				54AA3D3624F79F9400FE1F94 /* Notification */,
				54AA3CF724F64CF900FE1F94 /* Extentions */,
				54AA3CF624F64C8800FE1F94 /* UI */,
				76A4E8BF24F516D000DE5193 /* Coordinator */,
				76A4E8B824F506F900DE5193 /* Navigation */,
				76A4E8A424F506E300DE5193 /* AppDelegate.swift */,
				76A4E8A624F506E300DE5193 /* SceneDelegate.swift */,
				76A4E8A824F506E300DE5193 /* ViewController.swift */,
				76A4E8AD24F506E500DE5193 /* Assets.xcassets */,
				76A4E8AF24F506E500DE5193 /* LaunchScreen.storyboard */,
				76A4E8B224F506E500DE5193 /* Info.plist */,
			);
			path = AppRootRoutingCodeExample;
			sourceTree = "<group>";
		};
		76A4E8B824F506F900DE5193 /* Navigation */ = {
			isa = PBXGroup;
			children = (
				76A4E8B924F5070D00DE5193 /* NavigationStack.swift */,
				76A4E8BB24F50BB200DE5193 /* Navigator.swift */,
				76A4E8C624F5461F00DE5193 /* NoBackTitleNavigationController.swift */,
				76A4E8BD24F50BCE00DE5193 /* PushNavigator.swift */,
			);
			path = Navigation;
			sourceTree = "<group>";
		};
		76A4E8BF24F516D000DE5193 /* Coordinator */ = {
			isa = PBXGroup;
			children = (
				76A4E8C224F5177C00DE5193 /* Coordinator.swift */,
				76A4E8C024F516EF00DE5193 /* AppStartCoordinator.swift */,
			);
			path = Coordinator;
			sourceTree = "<group>";
		};
/* End PBXGroup section */

/* Begin PBXNativeTarget section */
		76A4E8A024F506E300DE5193 /* AppRootRoutingCodeExample */ = {
			isa = PBXNativeTarget;
			buildConfigurationList = 76A4E8B524F506E500DE5193 /* Build configuration list for PBXNativeTarget "AppRootRoutingCodeExample" */;
			buildPhases = (
				76A4E89D24F506E300DE5193 /* Sources */,
				76A4E89E24F506E300DE5193 /* Frameworks */,
				76A4E89F24F506E300DE5193 /* Resources */,
			);
			buildRules = (
			);
			dependencies = (
			);
			name = AppRootRoutingCodeExample;
			productName = AppRootRoutingCodeExample;
			productReference = 76A4E8A124F506E300DE5193 /* AppRootRoutingCodeExample.app */;
			productType = "com.apple.product-type.application";
		};
/* End PBXNativeTarget section */

/* Begin PBXProject section */
		76A4E89924F506E300DE5193 /* Project object */ = {
			isa = PBXProject;
			attributes = {
				LastSwiftUpdateCheck = 1120;
				LastUpgradeCheck = 1120;
				ORGANIZATIONNAME = Wire;
				TargetAttributes = {
					76A4E8A024F506E300DE5193 = {
						CreatedOnToolsVersion = 11.2.1;
					};
				};
			};
			buildConfigurationList = 76A4E89C24F506E300DE5193 /* Build configuration list for PBXProject "AppRootRoutingCodeExample" */;
			compatibilityVersion = "Xcode 9.3";
			developmentRegion = en;
			hasScannedForEncodings = 0;
			knownRegions = (
				en,
				Base,
			);
			mainGroup = 76A4E89824F506E300DE5193;
			productRefGroup = 76A4E8A224F506E300DE5193 /* Products */;
			projectDirPath = "";
			projectRoot = "";
			targets = (
				76A4E8A024F506E300DE5193 /* AppRootRoutingCodeExample */,
			);
		};
/* End PBXProject section */

/* Begin PBXResourcesBuildPhase section */
		76A4E89F24F506E300DE5193 /* Resources */ = {
			isa = PBXResourcesBuildPhase;
			buildActionMask = 2147483647;
			files = (
				76A4E8B124F506E500DE5193 /* LaunchScreen.storyboard in Resources */,
				54AA3CFD24F652F300FE1F94 /* LoginSetup.storyboard in Resources */,
				76A4E8AE24F506E500DE5193 /* Assets.xcassets in Resources */,
				54AA3D1C24F6A72400FE1F94 /* RegistrationStep2.storyboard in Resources */,
				54AA3D1524F6A20C00FE1F94 /* RegistrationStep1.storyboard in Resources */,
				54AA3D2324F6AAEF00FE1F94 /* RegistrationStep3.storyboard in Resources */,
				54AA3D2A24F6B27800FE1F94 /* Backup.storyboard in Resources */,
				54AA3D0C24F69AA600FE1F94 /* Login.storyboard in Resources */,
				54AA3D3124F6B6D100FE1F94 /* RemoveDevice.storyboard in Resources */,
				54AA3D0724F66D1E00FE1F94 /* Loading.storyboard in Resources */,
			);
			runOnlyForDeploymentPostprocessing = 0;
		};
/* End PBXResourcesBuildPhase section */

/* Begin PBXSourcesBuildPhase section */
		76A4E89D24F506E300DE5193 /* Sources */ = {
			isa = PBXSourcesBuildPhase;
			buildActionMask = 2147483647;
			files = (
				76A4E8C324F5177C00DE5193 /* Coordinator.swift in Sources */,
				54AA3D1924F6A25300FE1F94 /* RegistrationStep1Router.swift in Sources */,
				76A4E8A924F506E300DE5193 /* ViewController.swift in Sources */,
				54AA3CFF24F654D700FE1F94 /* LoginSetupViewController.swift in Sources */,
				54AA3D3524F6B6ED00FE1F94 /* RemoveDeviceRouter.swift in Sources */,
				54AA3D2E24F6B29100FE1F94 /* BackupRouter.swift in Sources */,
				54AA3D0E24F69AC500FE1F94 /* LoginViewController.swift in Sources */,
				76A4E8C724F5461F00DE5193 /* NoBackTitleNavigationController.swift in Sources */,
				54AA3D2C24F6B28300FE1F94 /* BackupViewController.swift in Sources */,
				76A4E8BE24F50BCE00DE5193 /* PushNavigator.swift in Sources */,
				54AA3D1024F69D0400FE1F94 /* LoginRouter.swift in Sources */,
				76A4E8BC24F50BB200DE5193 /* Navigator.swift in Sources */,
				54AA3CFA24F64D0800FE1F94 /* UIStoryboard+Typed.swift in Sources */,
				54AA3D2024F6A74C00FE1F94 /* RegistrationStep2Router.swift in Sources */,
				54AA3D0924F66D2E00FE1F94 /* LoadingViewController.swift in Sources */,
				54AA3D1E24F6A73800FE1F94 /* RegistrationStep2ViewController.swift in Sources */,
				54AA3CFB24F64D0800FE1F94 /* UIView+Embed.swift in Sources */,
				54AA3D3824F79FBE00FE1F94 /* NotificationDispatcher.swift in Sources */,
				54AA3D1724F6A23500FE1F94 /* RegistrationStep1ViewController.swift in Sources */,
				54AA3D2724F6AB2300FE1F94 /* RegistrationStep3Router.swift in Sources */,
				54AA3D2524F6AB1400FE1F94 /* RegistrationStep3ViewController.swift in Sources */,
				76A4E8A524F506E300DE5193 /* AppDelegate.swift in Sources */,
				54AA3D3324F6B6DD00FE1F94 /* RemoveDeviceViewController.swift in Sources */,
				76A4E8C124F516EF00DE5193 /* AppStartCoordinator.swift in Sources */,
				76A4E8BA24F5070D00DE5193 /* NavigationStack.swift in Sources */,
				76A4E8A724F506E300DE5193 /* SceneDelegate.swift in Sources */,
			);
			runOnlyForDeploymentPostprocessing = 0;
		};
/* End PBXSourcesBuildPhase section */

/* Begin PBXVariantGroup section */
		76A4E8AF24F506E500DE5193 /* LaunchScreen.storyboard */ = {
			isa = PBXVariantGroup;
			children = (
				76A4E8B024F506E500DE5193 /* Base */,
			);
			name = LaunchScreen.storyboard;
			sourceTree = "<group>";
		};
/* End PBXVariantGroup section */

/* Begin XCBuildConfiguration section */
		76A4E8B324F506E500DE5193 /* Debug */ = {
			isa = XCBuildConfiguration;
			buildSettings = {
				ALWAYS_SEARCH_USER_PATHS = NO;
				CLANG_ANALYZER_NONNULL = YES;
				CLANG_ANALYZER_NUMBER_OBJECT_CONVERSION = YES_AGGRESSIVE;
				CLANG_CXX_LANGUAGE_STANDARD = "gnu++14";
				CLANG_CXX_LIBRARY = "libc++";
				CLANG_ENABLE_MODULES = YES;
				CLANG_ENABLE_OBJC_ARC = YES;
				CLANG_ENABLE_OBJC_WEAK = YES;
				CLANG_WARN_BLOCK_CAPTURE_AUTORELEASING = YES;
				CLANG_WARN_BOOL_CONVERSION = YES;
				CLANG_WARN_COMMA = YES;
				CLANG_WARN_CONSTANT_CONVERSION = YES;
				CLANG_WARN_DEPRECATED_OBJC_IMPLEMENTATIONS = YES;
				CLANG_WARN_DIRECT_OBJC_ISA_USAGE = YES_ERROR;
				CLANG_WARN_DOCUMENTATION_COMMENTS = YES;
				CLANG_WARN_EMPTY_BODY = YES;
				CLANG_WARN_ENUM_CONVERSION = YES;
				CLANG_WARN_INFINITE_RECURSION = YES;
				CLANG_WARN_INT_CONVERSION = YES;
				CLANG_WARN_NON_LITERAL_NULL_CONVERSION = YES;
				CLANG_WARN_OBJC_IMPLICIT_RETAIN_SELF = YES;
				CLANG_WARN_OBJC_LITERAL_CONVERSION = YES;
				CLANG_WARN_OBJC_ROOT_CLASS = YES_ERROR;
				CLANG_WARN_RANGE_LOOP_ANALYSIS = YES;
				CLANG_WARN_STRICT_PROTOTYPES = YES;
				CLANG_WARN_SUSPICIOUS_MOVE = YES;
				CLANG_WARN_UNGUARDED_AVAILABILITY = YES_AGGRESSIVE;
				CLANG_WARN_UNREACHABLE_CODE = YES;
				CLANG_WARN__DUPLICATE_METHOD_MATCH = YES;
				COPY_PHASE_STRIP = NO;
				DEBUG_INFORMATION_FORMAT = dwarf;
				ENABLE_STRICT_OBJC_MSGSEND = YES;
				ENABLE_TESTABILITY = YES;
				GCC_C_LANGUAGE_STANDARD = gnu11;
				GCC_DYNAMIC_NO_PIC = NO;
				GCC_NO_COMMON_BLOCKS = YES;
				GCC_OPTIMIZATION_LEVEL = 0;
				GCC_PREPROCESSOR_DEFINITIONS = (
					"DEBUG=1",
					"$(inherited)",
				);
				GCC_WARN_64_TO_32_BIT_CONVERSION = YES;
				GCC_WARN_ABOUT_RETURN_TYPE = YES_ERROR;
				GCC_WARN_UNDECLARED_SELECTOR = YES;
				GCC_WARN_UNINITIALIZED_AUTOS = YES_AGGRESSIVE;
				GCC_WARN_UNUSED_FUNCTION = YES;
				GCC_WARN_UNUSED_VARIABLE = YES;
				IPHONEOS_DEPLOYMENT_TARGET = 13.2;
				MTL_ENABLE_DEBUG_INFO = INCLUDE_SOURCE;
				MTL_FAST_MATH = YES;
				ONLY_ACTIVE_ARCH = YES;
				SDKROOT = iphoneos;
				SWIFT_ACTIVE_COMPILATION_CONDITIONS = DEBUG;
				SWIFT_OPTIMIZATION_LEVEL = "-Onone";
			};
			name = Debug;
		};
		76A4E8B424F506E500DE5193 /* Release */ = {
			isa = XCBuildConfiguration;
			buildSettings = {
				ALWAYS_SEARCH_USER_PATHS = NO;
				CLANG_ANALYZER_NONNULL = YES;
				CLANG_ANALYZER_NUMBER_OBJECT_CONVERSION = YES_AGGRESSIVE;
				CLANG_CXX_LANGUAGE_STANDARD = "gnu++14";
				CLANG_CXX_LIBRARY = "libc++";
				CLANG_ENABLE_MODULES = YES;
				CLANG_ENABLE_OBJC_ARC = YES;
				CLANG_ENABLE_OBJC_WEAK = YES;
				CLANG_WARN_BLOCK_CAPTURE_AUTORELEASING = YES;
				CLANG_WARN_BOOL_CONVERSION = YES;
				CLANG_WARN_COMMA = YES;
				CLANG_WARN_CONSTANT_CONVERSION = YES;
				CLANG_WARN_DEPRECATED_OBJC_IMPLEMENTATIONS = YES;
				CLANG_WARN_DIRECT_OBJC_ISA_USAGE = YES_ERROR;
				CLANG_WARN_DOCUMENTATION_COMMENTS = YES;
				CLANG_WARN_EMPTY_BODY = YES;
				CLANG_WARN_ENUM_CONVERSION = YES;
				CLANG_WARN_INFINITE_RECURSION = YES;
				CLANG_WARN_INT_CONVERSION = YES;
				CLANG_WARN_NON_LITERAL_NULL_CONVERSION = YES;
				CLANG_WARN_OBJC_IMPLICIT_RETAIN_SELF = YES;
				CLANG_WARN_OBJC_LITERAL_CONVERSION = YES;
				CLANG_WARN_OBJC_ROOT_CLASS = YES_ERROR;
				CLANG_WARN_RANGE_LOOP_ANALYSIS = YES;
				CLANG_WARN_STRICT_PROTOTYPES = YES;
				CLANG_WARN_SUSPICIOUS_MOVE = YES;
				CLANG_WARN_UNGUARDED_AVAILABILITY = YES_AGGRESSIVE;
				CLANG_WARN_UNREACHABLE_CODE = YES;
				CLANG_WARN__DUPLICATE_METHOD_MATCH = YES;
				COPY_PHASE_STRIP = NO;
				DEBUG_INFORMATION_FORMAT = "dwarf-with-dsym";
				ENABLE_NS_ASSERTIONS = NO;
				ENABLE_STRICT_OBJC_MSGSEND = YES;
				GCC_C_LANGUAGE_STANDARD = gnu11;
				GCC_NO_COMMON_BLOCKS = YES;
				GCC_WARN_64_TO_32_BIT_CONVERSION = YES;
				GCC_WARN_ABOUT_RETURN_TYPE = YES_ERROR;
				GCC_WARN_UNDECLARED_SELECTOR = YES;
				GCC_WARN_UNINITIALIZED_AUTOS = YES_AGGRESSIVE;
				GCC_WARN_UNUSED_FUNCTION = YES;
				GCC_WARN_UNUSED_VARIABLE = YES;
				IPHONEOS_DEPLOYMENT_TARGET = 13.2;
				MTL_ENABLE_DEBUG_INFO = NO;
				MTL_FAST_MATH = YES;
				SDKROOT = iphoneos;
				SWIFT_COMPILATION_MODE = wholemodule;
				SWIFT_OPTIMIZATION_LEVEL = "-O";
				VALIDATE_PRODUCT = YES;
			};
			name = Release;
		};
		76A4E8B624F506E500DE5193 /* Debug */ = {
			isa = XCBuildConfiguration;
			buildSettings = {
				ASSETCATALOG_COMPILER_APPICON_NAME = AppIcon;
				CODE_SIGN_STYLE = Automatic;
				INFOPLIST_FILE = AppRootRoutingCodeExample/Info.plist;
				LD_RUNPATH_SEARCH_PATHS = (
					"$(inherited)",
					"@executable_path/Frameworks",
				);
				PRODUCT_BUNDLE_IDENTIFIER = Wire.AppRootRoutingCodeExample;
				PRODUCT_NAME = "$(TARGET_NAME)";
				SWIFT_VERSION = 5.0;
				TARGETED_DEVICE_FAMILY = "1,2";
			};
			name = Debug;
		};
		76A4E8B724F506E500DE5193 /* Release */ = {
			isa = XCBuildConfiguration;
			buildSettings = {
				ASSETCATALOG_COMPILER_APPICON_NAME = AppIcon;
				CODE_SIGN_STYLE = Automatic;
				INFOPLIST_FILE = AppRootRoutingCodeExample/Info.plist;
				LD_RUNPATH_SEARCH_PATHS = (
					"$(inherited)",
					"@executable_path/Frameworks",
				);
				PRODUCT_BUNDLE_IDENTIFIER = Wire.AppRootRoutingCodeExample;
				PRODUCT_NAME = "$(TARGET_NAME)";
				SWIFT_VERSION = 5.0;
				TARGETED_DEVICE_FAMILY = "1,2";
			};
			name = Release;
		};
/* End XCBuildConfiguration section */

/* Begin XCConfigurationList section */
		76A4E89C24F506E300DE5193 /* Build configuration list for PBXProject "AppRootRoutingCodeExample" */ = {
			isa = XCConfigurationList;
			buildConfigurations = (
				76A4E8B324F506E500DE5193 /* Debug */,
				76A4E8B424F506E500DE5193 /* Release */,
			);
			defaultConfigurationIsVisible = 0;
			defaultConfigurationName = Release;
		};
		76A4E8B524F506E500DE5193 /* Build configuration list for PBXNativeTarget "AppRootRoutingCodeExample" */ = {
			isa = XCConfigurationList;
			buildConfigurations = (
				76A4E8B624F506E500DE5193 /* Debug */,
				76A4E8B724F506E500DE5193 /* Release */,
			);
			defaultConfigurationIsVisible = 0;
			defaultConfigurationName = Release;
		};
/* End XCConfigurationList section */
	};
	rootObject = 76A4E89924F506E300DE5193 /* Project object */;
}
